
Microsoft Visual Studio Solution File, Format Version 12.00
Project("{FAE04EC0-301F-11D3-BF4B-00C04F79EFBC}") = "GrpcService", "GrpcService\GrpcService.csproj", "{91447E35-921C-4CA9-A0CE-6B67B216662C}"
EndProject
Project("{FAE04EC0-301F-11D3-BF4B-00C04F79EFBC}") = "ErrorReporter", "ErrorReporter\ErrorReporter.csproj", "{21C82839-4E05-4DC6-80D0-A893172BECFE}"
EndProject
Global
	GlobalSection(SolutionConfigurationPlatforms) = preSolution
		Debug|Any CPU = Debug|Any CPU
		Release|Any CPU = Release|Any CPU
	EndGlobalSection
	GlobalSection(ProjectConfigurationPlatforms) = postSolution
		{91447E35-921C-4CA9-A0CE-6B67B216662C}.Debug|Any CPU.ActiveCfg = Debug|Any CPU
		{91447E35-921C-4CA9-A0CE-6B67B216662C}.Debug|Any CPU.Build.0 = Debug|Any CPU
		{91447E35-921C-4CA9-A0CE-6B67B216662C}.Release|Any CPU.ActiveCfg = Release|Any CPU
		{91447E35-921C-4CA9-A0CE-6B67B216662C}.Release|Any CPU.Build.0 = Release|Any CPU
		{21C82839-4E05-4DC6-80D0-A893172BECFE}.Debug|Any CPU.ActiveCfg = Debug|Any CPU
		{21C82839-4E05-4DC6-80D0-A893172BECFE}.Debug|Any CPU.Build.0 = Debug|Any CPU
		{21C82839-4E05-4DC6-80D0-A893172BECFE}.Release|Any CPU.ActiveCfg = Release|Any CPU
		{21C82839-4E05-4DC6-80D0-A893172BECFE}.Release|Any CPU.Build.0 = Release|Any CPU
	EndGlobalSection
EndGlobal
